
Microsoft Visual Studio Solution File, Format Version 12.00
# Visual Studio Version 16
VisualStudioVersion = 16.0.31702.278
MinimumVisualStudioVersion = 10.0.40219.1
Project("{F184B08F-C81C-45F6-A57F-5ABD9991F28F}") = "Trading BO", "Trading BO\Trading BO.vbproj", "{0B0AFB79-8C5E-433E-ACCC-3B5A3EAF4AD0}"
EndProject
Project("{F184B08F-C81C-45F6-A57F-5ABD9991F28F}") = "Trading System Main", "Trading System Main\Trading System Main.vbproj", "{B021BBE3-E118-4936-9724-D0FC5EC5ED8C}"
EndProject
Global
	GlobalSection(SolutionConfigurationPlatforms) = preSolution
		Debug|Any CPU = Debug|Any CPU
		Release|Any CPU = Release|Any CPU
	EndGlobalSection
	GlobalSection(ProjectConfigurationPlatforms) = postSolution
		{0B0AFB79-8C5E-433E-ACCC-3B5A3EAF4AD0}.Debug|Any CPU.ActiveCfg = Debug|Any CPU
		{0B0AFB79-8C5E-433E-ACCC-3B5A3EAF4AD0}.Debug|Any CPU.Build.0 = Debug|Any CPU
		{0B0AFB79-8C5E-433E-ACCC-3B5A3EAF4AD0}.Release|Any CPU.ActiveCfg = Release|Any CPU
		{0B0AFB79-8C5E-433E-ACCC-3B5A3EAF4AD0}.Release|Any CPU.Build.0 = Release|Any CPU
		{B021BBE3-E118-4936-9724-D0FC5EC5ED8C}.Debug|Any CPU.ActiveCfg = Debug|Any CPU
		{B021BBE3-E118-4936-9724-D0FC5EC5ED8C}.Debug|Any CPU.Build.0 = Debug|Any CPU
		{B021BBE3-E118-4936-9724-D0FC5EC5ED8C}.Release|Any CPU.ActiveCfg = Release|Any CPU
		{B021BBE3-E118-4936-9724-D0FC5EC5ED8C}.Release|Any CPU.Build.0 = Release|Any CPU
	EndGlobalSection
	GlobalSection(SolutionProperties) = preSolution
		HideSolutionNode = FALSE
	EndGlobalSection
	GlobalSection(ExtensibilityGlobals) = postSolution
		SolutionGuid = {E840B726-C8FC-4EC5-B25D-9ABBFEB2ACD0}
	EndGlobalSection
EndGlobal
